// !$*UTF8*$!
{
	archiveVersion = 1;
	classes = {
	};
	objectVersion = 55;
	objects = {

/* Begin PBXBuildFile section */
		090D690D26805CD300712107 /* Date.swift in Sources */ = {isa = PBXBuildFile; fileRef = 090D690C26805CD300712107 /* Date.swift */; };
		090D69102680616D00712107 /* View.swift in Sources */ = {isa = PBXBuildFile; fileRef = 090D690F2680616D00712107 /* View.swift */; };
		09655D5B2679E8A00098ED8A /* ValuteListItemView.swift in Sources */ = {isa = PBXBuildFile; fileRef = 09655D5A2679E8A00098ED8A /* ValuteListItemView.swift */; };
		09789B36267BA8C3006B59DB /* ConvertRateApp.swift in Sources */ = {isa = PBXBuildFile; fileRef = 09789B35267BA8C3006B59DB /* ConvertRateApp.swift */; };
		09BC0C0E267BA84B0084190D /* Preview Assets.xcassets in Resources */ = {isa = PBXBuildFile; fileRef = 09BC0C0D267BA84B0084190D /* Preview Assets.xcassets */; };
		09C10B67267C72EA003B3908 /* Convert.xcdatamodeld in Sources */ = {isa = PBXBuildFile; fileRef = 09C10B65267C72EA003B3908 /* Convert.xcdatamodeld */; };
		09C10B69267C7323003B3908 /* Persistence.swift in Sources */ = {isa = PBXBuildFile; fileRef = 09C10B68267C7323003B3908 /* Persistence.swift */; };
		09C2F75A2680560800C93B9B /* ErrorVIew.swift in Sources */ = {isa = PBXBuildFile; fileRef = 09C2F7592680560800C93B9B /* ErrorVIew.swift */; };
		09C2F75D268056C700C93B9B /* Lottie in Frameworks */ = {isa = PBXBuildFile; productRef = 09C2F75C268056C700C93B9B /* Lottie */; };
		09C2F75F2680576900C93B9B /* LottieView.swift in Sources */ = {isa = PBXBuildFile; fileRef = 09C2F75E2680576900C93B9B /* LottieView.swift */; };
		09C2F7612680587500C93B9B /* ValuteView.swift in Sources */ = {isa = PBXBuildFile; fileRef = 09C2F7602680587500C93B9B /* ValuteView.swift */; };
		09C2F7662680599F00C93B9B /* error.json in Resources */ = {isa = PBXBuildFile; fileRef = 09C2F7652680599F00C93B9B /* error.json */; };
		09C97D0F267EF8C200232C58 /* Published.swift in Sources */ = {isa = PBXBuildFile; fileRef = 09C97D0E267EF8C200232C58 /* Published.swift */; };
		09E51230267A5B120019CA2C /* ContentView.swift in Sources */ = {isa = PBXBuildFile; fileRef = 09E5122F267A5B120019CA2C /* ContentView.swift */; };
		09FEFF6F2679CA7800887115 /* Assets.xcassets in Resources */ = {isa = PBXBuildFile; fileRef = 09FEFF6E2679CA7800887115 /* Assets.xcassets */; };
		09FEFF792679CAA500887115 /* Valute.swift in Sources */ = {isa = PBXBuildFile; fileRef = 09FEFF782679CAA500887115 /* Valute.swift */; };
		09FEFF7B2679CB3100887115 /* Schedule.swift in Sources */ = {isa = PBXBuildFile; fileRef = 09FEFF7A2679CB3100887115 /* Schedule.swift */; };
		09FEFF7E2679CB4600887115 /* ViewModel.swift in Sources */ = {isa = PBXBuildFile; fileRef = 09FEFF7C2679CB4600887115 /* ViewModel.swift */; };
		09FEFF7F2679CB4600887115 /* ValuteService.swift in Sources */ = {isa = PBXBuildFile; fileRef = 09FEFF7D2679CB4600887115 /* ValuteService.swift */; };
		09FEFF832679CB5000887115 /* URLRequest.swift in Sources */ = {isa = PBXBuildFile; fileRef = 09FEFF802679CB5000887115 /* URLRequest.swift */; };
		09FEFF842679CB5000887115 /* String.swift in Sources */ = {isa = PBXBuildFile; fileRef = 09FEFF812679CB5000887115 /* String.swift */; };
		09FEFF872679CB5F00887115 /* GroupValuteView.swift in Sources */ = {isa = PBXBuildFile; fileRef = 09FEFF862679CB5F00887115 /* GroupValuteView.swift */; };
		09FEFF8B2679CB6F00887115 /* BaseViewModel.swift in Sources */ = {isa = PBXBuildFile; fileRef = 09FEFF8A2679CB6F00887115 /* BaseViewModel.swift */; };
		09FEFF8D2679CB7200887115 /* Agent.swift in Sources */ = {isa = PBXBuildFile; fileRef = 09FEFF8C2679CB7200887115 /* Agent.swift */; };
/* End PBXBuildFile section */

/* Begin PBXFileReference section */
		090D690C26805CD300712107 /* Date.swift */ = {isa = PBXFileReference; lastKnownFileType = sourcecode.swift; path = Date.swift; sourceTree = "<group>"; };
		090D690F2680616D00712107 /* View.swift */ = {isa = PBXFileReference; lastKnownFileType = sourcecode.swift; path = View.swift; sourceTree = "<group>"; };
		09655D5A2679E8A00098ED8A /* ValuteListItemView.swift */ = {isa = PBXFileReference; lastKnownFileType = sourcecode.swift; path = ValuteListItemView.swift; sourceTree = "<group>"; };
		09789B35267BA8C3006B59DB /* ConvertRateApp.swift */ = {isa = PBXFileReference; lastKnownFileType = sourcecode.swift; path = ConvertRateApp.swift; sourceTree = "<group>"; };
		09BC0C0D267BA84B0084190D /* Preview Assets.xcassets */ = {isa = PBXFileReference; lastKnownFileType = folder.assetcatalog; path = "Preview Assets.xcassets"; sourceTree = "<group>"; };
		09C10B66267C72EA003B3908 /* Convert.xcdatamodel */ = {isa = PBXFileReference; lastKnownFileType = wrapper.xcdatamodel; path = Convert.xcdatamodel; sourceTree = "<group>"; };
		09C10B68267C7323003B3908 /* Persistence.swift */ = {isa = PBXFileReference; lastKnownFileType = sourcecode.swift; path = Persistence.swift; sourceTree = "<group>"; };
		09C2F7592680560800C93B9B /* ErrorVIew.swift */ = {isa = PBXFileReference; lastKnownFileType = sourcecode.swift; path = ErrorVIew.swift; sourceTree = "<group>"; };
		09C2F75E2680576900C93B9B /* LottieView.swift */ = {isa = PBXFileReference; lastKnownFileType = sourcecode.swift; path = LottieView.swift; sourceTree = "<group>"; };
		09C2F7602680587500C93B9B /* ValuteView.swift */ = {isa = PBXFileReference; lastKnownFileType = sourcecode.swift; path = ValuteView.swift; sourceTree = "<group>"; };
		09C2F7652680599F00C93B9B /* error.json */ = {isa = PBXFileReference; fileEncoding = 4; lastKnownFileType = text.json; path = error.json; sourceTree = "<group>"; };
		09C97D0E267EF8C200232C58 /* Published.swift */ = {isa = PBXFileReference; lastKnownFileType = sourcecode.swift; path = Published.swift; sourceTree = "<group>"; };
		09E5122F267A5B120019CA2C /* ContentView.swift */ = {isa = PBXFileReference; lastKnownFileType = sourcecode.swift; path = ContentView.swift; sourceTree = "<group>"; };
		09FEFF672679CA7800887115 /* ConverterRate.app */ = {isa = PBXFileReference; explicitFileType = wrapper.application; includeInIndex = 0; path = ConverterRate.app; sourceTree = BUILT_PRODUCTS_DIR; };
		09FEFF6E2679CA7800887115 /* Assets.xcassets */ = {isa = PBXFileReference; lastKnownFileType = folder.assetcatalog; path = Assets.xcassets; sourceTree = "<group>"; };
		09FEFF782679CAA500887115 /* Valute.swift */ = {isa = PBXFileReference; lastKnownFileType = sourcecode.swift; path = Valute.swift; sourceTree = "<group>"; };
		09FEFF7A2679CB3100887115 /* Schedule.swift */ = {isa = PBXFileReference; fileEncoding = 4; lastKnownFileType = sourcecode.swift; path = Schedule.swift; sourceTree = "<group>"; };
		09FEFF7C2679CB4600887115 /* ViewModel.swift */ = {isa = PBXFileReference; fileEncoding = 4; lastKnownFileType = sourcecode.swift; path = ViewModel.swift; sourceTree = "<group>"; };
		09FEFF7D2679CB4600887115 /* ValuteService.swift */ = {isa = PBXFileReference; fileEncoding = 4; lastKnownFileType = sourcecode.swift; path = ValuteService.swift; sourceTree = "<group>"; };
		09FEFF802679CB5000887115 /* URLRequest.swift */ = {isa = PBXFileReference; fileEncoding = 4; lastKnownFileType = sourcecode.swift; path = URLRequest.swift; sourceTree = "<group>"; };
		09FEFF812679CB5000887115 /* String.swift */ = {isa = PBXFileReference; fileEncoding = 4; lastKnownFileType = sourcecode.swift; path = String.swift; sourceTree = "<group>"; };
		09FEFF862679CB5F00887115 /* GroupValuteView.swift */ = {isa = PBXFileReference; fileEncoding = 4; lastKnownFileType = sourcecode.swift; path = GroupValuteView.swift; sourceTree = "<group>"; };
		09FEFF8A2679CB6F00887115 /* BaseViewModel.swift */ = {isa = PBXFileReference; fileEncoding = 4; lastKnownFileType = sourcecode.swift; path = BaseViewModel.swift; sourceTree = "<group>"; };
		09FEFF8C2679CB7200887115 /* Agent.swift */ = {isa = PBXFileReference; fileEncoding = 4; lastKnownFileType = sourcecode.swift; path = Agent.swift; sourceTree = "<group>"; };
/* End PBXFileReference section */

/* Begin PBXFrameworksBuildPhase section */
		09FEFF642679CA7800887115 /* Frameworks */ = {
			isa = PBXFrameworksBuildPhase;
			buildActionMask = 2147483647;
			files = (
				09C2F75D268056C700C93B9B /* Lottie in Frameworks */,
			);
			runOnlyForDeploymentPostprocessing = 0;
		};
/* End PBXFrameworksBuildPhase section */

/* Begin PBXGroup section */
		090D690E26805E6B00712107 /* Components */ = {
			isa = PBXGroup;
			children = (
				09C2F7592680560800C93B9B /* ErrorVIew.swift */,
				09FEFF862679CB5F00887115 /* GroupValuteView.swift */,
				09C2F75E2680576900C93B9B /* LottieView.swift */,
			);
			path = Components;
			sourceTree = "<group>";
		};
		09BC0C0C267BA84B0084190D /* Preview Content */ = {
			isa = PBXGroup;
			children = (
				09BC0C0D267BA84B0084190D /* Preview Assets.xcassets */,
			);
			path = "Preview Content";
			sourceTree = "<group>";
		};
		09C2F7622680595600C93B9B /* Lottie */ = {
			isa = PBXGroup;
			children = (
				09C2F7652680599F00C93B9B /* error.json */,
			);
			path = Lottie;
			sourceTree = "<group>";
		};
		09E5122D267A5AE70019CA2C /* ViewModel */ = {
			isa = PBXGroup;
			children = (
				09FEFF7C2679CB4600887115 /* ViewModel.swift */,
			);
			path = ViewModel;
			sourceTree = "<group>";
		};
		09E5122E267A5B030019CA2C /* View */ = {
			isa = PBXGroup;
			children = (
				09655D5A2679E8A00098ED8A /* ValuteListItemView.swift */,
				09E5122F267A5B120019CA2C /* ContentView.swift */,
				09C2F7602680587500C93B9B /* ValuteView.swift */,
			);
			path = View;
			sourceTree = "<group>";
		};
		09E51231267A5B160019CA2C /* App */ = {
			isa = PBXGroup;
			children = (
				09789B35267BA8C3006B59DB /* ConvertRateApp.swift */,
			);
			path = App;
			sourceTree = "<group>";
		};
		09E51232267A5B2D0019CA2C /* Model */ = {
			isa = PBXGroup;
			children = (
				09FEFF782679CAA500887115 /* Valute.swift */,
			);
			path = Model;
			sourceTree = "<group>";
		};
		09E51233267A5BAC0019CA2C /* Networking */ = {
			isa = PBXGroup;
			children = (
				09FEFF8C2679CB7200887115 /* Agent.swift */,
				09FEFF7D2679CB4600887115 /* ValuteService.swift */,
			);
			path = Networking;
			sourceTree = "<group>";
		};
		09E51234267A5BBF0019CA2C /* Extenstion */ = {
			isa = PBXGroup;
			children = (
				09FEFF802679CB5000887115 /* URLRequest.swift */,
				09FEFF812679CB5000887115 /* String.swift */,
				09C97D0E267EF8C200232C58 /* Published.swift */,
				090D690C26805CD300712107 /* Date.swift */,
				090D690F2680616D00712107 /* View.swift */,
			);
			path = Extenstion;
			sourceTree = "<group>";
		};
		09E51235267A5BD70019CA2C /* Utils */ = {
			isa = PBXGroup;
			children = (
				09C10B68267C7323003B3908 /* Persistence.swift */,
				09FEFF7A2679CB3100887115 /* Schedule.swift */,
				09FEFF8A2679CB6F00887115 /* BaseViewModel.swift */,
			);
			path = Utils;
			sourceTree = "<group>";
		};
		09FEFF5E2679CA7800887115 = {
			isa = PBXGroup;
			children = (
				09C2F7622680595600C93B9B /* Lottie */,
				09FEFF692679CA7800887115 /* ConverterRate */,
				09FEFF682679CA7800887115 /* Products */,
			);
			sourceTree = "<group>";
		};
		09FEFF682679CA7800887115 /* Products */ = {
			isa = PBXGroup;
			children = (
				09FEFF672679CA7800887115 /* ConverterRate.app */,
			);
			name = Products;
			sourceTree = "<group>";
		};
		09FEFF692679CA7800887115 /* ConverterRate */ = {
			isa = PBXGroup;
			children = (
				090D690E26805E6B00712107 /* Components */,
				09BC0C0C267BA84B0084190D /* Preview Content */,
				09FEFF6E2679CA7800887115 /* Assets.xcassets */,
				09E51231267A5B160019CA2C /* App */,
				09E5122E267A5B030019CA2C /* View */,
				09E5122D267A5AE70019CA2C /* ViewModel */,
				09E51232267A5B2D0019CA2C /* Model */,
				09E51233267A5BAC0019CA2C /* Networking */,
				09E51234267A5BBF0019CA2C /* Extenstion */,
				09E51235267A5BD70019CA2C /* Utils */,
				09C10B65267C72EA003B3908 /* Convert.xcdatamodeld */,
			);
			path = ConverterRate;
			sourceTree = "<group>";
		};
/* End PBXGroup section */

/* Begin PBXNativeTarget section */
		09FEFF662679CA7800887115 /* ConverterRate */ = {
			isa = PBXNativeTarget;
			buildConfigurationList = 09FEFF752679CA7800887115 /* Build configuration list for PBXNativeTarget "ConverterRate" */;
			buildPhases = (
				09FEFF632679CA7800887115 /* Sources */,
				09FEFF642679CA7800887115 /* Frameworks */,
				09FEFF652679CA7800887115 /* Resources */,
			);
			buildRules = (
			);
			dependencies = (
			);
			name = ConverterRate;
			packageProductDependencies = (
				09C2F75C268056C700C93B9B /* Lottie */,
			);
			productName = ConverterRate;
			productReference = 09FEFF672679CA7800887115 /* ConverterRate.app */;
			productType = "com.apple.product-type.application";
		};
/* End PBXNativeTarget section */

/* Begin PBXProject section */
		09FEFF5F2679CA7800887115 /* Project object */ = {
			isa = PBXProject;
			attributes = {
				BuildIndependentTargetsInParallel = 1;
				LastSwiftUpdateCheck = 1300;
				LastUpgradeCheck = 1300;
				TargetAttributes = {
					09FEFF662679CA7800887115 = {
						CreatedOnToolsVersion = 13.0;
					};
				};
			};
			buildConfigurationList = 09FEFF622679CA7800887115 /* Build configuration list for PBXProject "ConverterRate" */;
			compatibilityVersion = "Xcode 13.0";
			developmentRegion = en;
			hasScannedForEncodings = 0;
			knownRegions = (
				en,
				Base,
			);
			mainGroup = 09FEFF5E2679CA7800887115;
			packageReferences = (
				09C2F75B268056C700C93B9B /* XCRemoteSwiftPackageReference "lottie-ios" */,
			);
			productRefGroup = 09FEFF682679CA7800887115 /* Products */;
			projectDirPath = "";
			projectRoot = "";
			targets = (
				09FEFF662679CA7800887115 /* ConverterRate */,
			);
		};
/* End PBXProject section */

/* Begin PBXResourcesBuildPhase section */
		09FEFF652679CA7800887115 /* Resources */ = {
			isa = PBXResourcesBuildPhase;
			buildActionMask = 2147483647;
			files = (
				09C2F7662680599F00C93B9B /* error.json in Resources */,
				09BC0C0E267BA84B0084190D /* Preview Assets.xcassets in Resources */,
				09FEFF6F2679CA7800887115 /* Assets.xcassets in Resources */,
			);
			runOnlyForDeploymentPostprocessing = 0;
		};
/* End PBXResourcesBuildPhase section */

/* Begin PBXSourcesBuildPhase section */
		09FEFF632679CA7800887115 /* Sources */ = {
			isa = PBXSourcesBuildPhase;
			buildActionMask = 2147483647;
			files = (
				09FEFF872679CB5F00887115 /* GroupValuteView.swift in Sources */,
				09C2F75F2680576900C93B9B /* LottieView.swift in Sources */,
				09789B36267BA8C3006B59DB /* ConvertRateApp.swift in Sources */,
				09655D5B2679E8A00098ED8A /* ValuteListItemView.swift in Sources */,
				09FEFF8B2679CB6F00887115 /* BaseViewModel.swift in Sources */,
				09FEFF7F2679CB4600887115 /* ValuteService.swift in Sources */,
				09FEFF832679CB5000887115 /* URLRequest.swift in Sources */,
				09FEFF7E2679CB4600887115 /* ViewModel.swift in Sources */,
				09C97D0F267EF8C200232C58 /* Published.swift in Sources */,
				09C2F7612680587500C93B9B /* ValuteView.swift in Sources */,
				09C10B69267C7323003B3908 /* Persistence.swift in Sources */,
				09FEFF792679CAA500887115 /* Valute.swift in Sources */,
				090D69102680616D00712107 /* View.swift in Sources */,
				09FEFF7B2679CB3100887115 /* Schedule.swift in Sources */,
				09FEFF8D2679CB7200887115 /* Agent.swift in Sources */,
				09E51230267A5B120019CA2C /* ContentView.swift in Sources */,
				09C10B67267C72EA003B3908 /* Convert.xcdatamodeld in Sources */,
				090D690D26805CD300712107 /* Date.swift in Sources */,
				09FEFF842679CB5000887115 /* String.swift in Sources */,
				09C2F75A2680560800C93B9B /* ErrorVIew.swift in Sources */,
			);
			runOnlyForDeploymentPostprocessing = 0;
		};
/* End PBXSourcesBuildPhase section */

/* Begin XCBuildConfiguration section */
		09FEFF732679CA7800887115 /* Debug */ = {
			isa = XCBuildConfiguration;
			buildSettings = {
				ALWAYS_SEARCH_USER_PATHS = NO;
				CLANG_ANALYZER_NONNULL = YES;
				CLANG_ANALYZER_NUMBER_OBJECT_CONVERSION = YES_AGGRESSIVE;
				CLANG_CXX_LANGUAGE_STANDARD = "gnu++14";
				CLANG_CXX_LIBRARY = "libc++";
				CLANG_ENABLE_MODULES = YES;
				CLANG_ENABLE_OBJC_ARC = YES;
				CLANG_ENABLE_OBJC_WEAK = YES;
				CLANG_WARN_BLOCK_CAPTURE_AUTORELEASING = YES;
				CLANG_WARN_BOOL_CONVERSION = YES;
				CLANG_WARN_COMMA = YES;
				CLANG_WARN_CONSTANT_CONVERSION = YES;
				CLANG_WARN_DEPRECATED_OBJC_IMPLEMENTATIONS = YES;
				CLANG_WARN_DIRECT_OBJC_ISA_USAGE = YES_ERROR;
				CLANG_WARN_DOCUMENTATION_COMMENTS = YES;
				CLANG_WARN_EMPTY_BODY = YES;
				CLANG_WARN_ENUM_CONVERSION = YES;
				CLANG_WARN_INFINITE_RECURSION = YES;
				CLANG_WARN_INT_CONVERSION = YES;
				CLANG_WARN_NON_LITERAL_NULL_CONVERSION = YES;
				CLANG_WARN_OBJC_IMPLICIT_RETAIN_SELF = YES;
				CLANG_WARN_OBJC_LITERAL_CONVERSION = YES;
				CLANG_WARN_OBJC_ROOT_CLASS = YES_ERROR;
				CLANG_WARN_QUOTED_INCLUDE_IN_FRAMEWORK_HEADER = YES;
				CLANG_WARN_RANGE_LOOP_ANALYSIS = YES;
				CLANG_WARN_STRICT_PROTOTYPES = YES;
				CLANG_WARN_SUSPICIOUS_MOVE = YES;
				CLANG_WARN_UNGUARDED_AVAILABILITY = YES_AGGRESSIVE;
				CLANG_WARN_UNREACHABLE_CODE = YES;
				CLANG_WARN__DUPLICATE_METHOD_MATCH = YES;
				COPY_PHASE_STRIP = NO;
				DEBUG_INFORMATION_FORMAT = dwarf;
				ENABLE_STRICT_OBJC_MSGSEND = YES;
				ENABLE_TESTABILITY = YES;
				GCC_C_LANGUAGE_STANDARD = gnu11;
				GCC_DYNAMIC_NO_PIC = NO;
				GCC_NO_COMMON_BLOCKS = YES;
				GCC_OPTIMIZATION_LEVEL = 0;
				GCC_PREPROCESSOR_DEFINITIONS = (
					"DEBUG=1",
					"$(inherited)",
				);
				GCC_WARN_64_TO_32_BIT_CONVERSION = YES;
				GCC_WARN_ABOUT_RETURN_TYPE = YES_ERROR;
				GCC_WARN_UNDECLARED_SELECTOR = YES;
				GCC_WARN_UNINITIALIZED_AUTOS = YES_AGGRESSIVE;
				GCC_WARN_UNUSED_FUNCTION = YES;
				GCC_WARN_UNUSED_VARIABLE = YES;
				IPHONEOS_DEPLOYMENT_TARGET = 15.0;
				MTL_ENABLE_DEBUG_INFO = INCLUDE_SOURCE;
				MTL_FAST_MATH = YES;
				ONLY_ACTIVE_ARCH = YES;
				SDKROOT = iphoneos;
				SWIFT_ACTIVE_COMPILATION_CONDITIONS = DEBUG;
				SWIFT_OPTIMIZATION_LEVEL = "-Onone";
			};
			name = Debug;
		};
		09FEFF742679CA7800887115 /* Release */ = {
			isa = XCBuildConfiguration;
			buildSettings = {
				ALWAYS_SEARCH_USER_PATHS = NO;
				CLANG_ANALYZER_NONNULL = YES;
				CLANG_ANALYZER_NUMBER_OBJECT_CONVERSION = YES_AGGRESSIVE;
				CLANG_CXX_LANGUAGE_STANDARD = "gnu++14";
				CLANG_CXX_LIBRARY = "libc++";
				CLANG_ENABLE_MODULES = YES;
				CLANG_ENABLE_OBJC_ARC = YES;
				CLANG_ENABLE_OBJC_WEAK = YES;
				CLANG_WARN_BLOCK_CAPTURE_AUTORELEASING = YES;
				CLANG_WARN_BOOL_CONVERSION = YES;
				CLANG_WARN_COMMA = YES;
				CLANG_WARN_CONSTANT_CONVERSION = YES;
				CLANG_WARN_DEPRECATED_OBJC_IMPLEMENTATIONS = YES;
				CLANG_WARN_DIRECT_OBJC_ISA_USAGE = YES_ERROR;
				CLANG_WARN_DOCUMENTATION_COMMENTS = YES;
				CLANG_WARN_EMPTY_BODY = YES;
				CLANG_WARN_ENUM_CONVERSION = YES;
				CLANG_WARN_INFINITE_RECURSION = YES;
				CLANG_WARN_INT_CONVERSION = YES;
				CLANG_WARN_NON_LITERAL_NULL_CONVERSION = YES;
				CLANG_WARN_OBJC_IMPLICIT_RETAIN_SELF = YES;
				CLANG_WARN_OBJC_LITERAL_CONVERSION = YES;
				CLANG_WARN_OBJC_ROOT_CLASS = YES_ERROR;
				CLANG_WARN_QUOTED_INCLUDE_IN_FRAMEWORK_HEADER = YES;
				CLANG_WARN_RANGE_LOOP_ANALYSIS = YES;
				CLANG_WARN_STRICT_PROTOTYPES = YES;
				CLANG_WARN_SUSPICIOUS_MOVE = YES;
				CLANG_WARN_UNGUARDED_AVAILABILITY = YES_AGGRESSIVE;
				CLANG_WARN_UNREACHABLE_CODE = YES;
				CLANG_WARN__DUPLICATE_METHOD_MATCH = YES;
				COPY_PHASE_STRIP = NO;
				DEBUG_INFORMATION_FORMAT = "dwarf-with-dsym";
				ENABLE_NS_ASSERTIONS = NO;
				ENABLE_STRICT_OBJC_MSGSEND = YES;
				GCC_C_LANGUAGE_STANDARD = gnu11;
				GCC_NO_COMMON_BLOCKS = YES;
				GCC_WARN_64_TO_32_BIT_CONVERSION = YES;
				GCC_WARN_ABOUT_RETURN_TYPE = YES_ERROR;
				GCC_WARN_UNDECLARED_SELECTOR = YES;
				GCC_WARN_UNINITIALIZED_AUTOS = YES_AGGRESSIVE;
				GCC_WARN_UNUSED_FUNCTION = YES;
				GCC_WARN_UNUSED_VARIABLE = YES;
				IPHONEOS_DEPLOYMENT_TARGET = 15.0;
				MTL_ENABLE_DEBUG_INFO = NO;
				MTL_FAST_MATH = YES;
				SDKROOT = iphoneos;
				SWIFT_COMPILATION_MODE = wholemodule;
				SWIFT_OPTIMIZATION_LEVEL = "-O";
				VALIDATE_PRODUCT = YES;
			};
			name = Release;
		};
		09FEFF762679CA7800887115 /* Debug */ = {
			isa = XCBuildConfiguration;
			buildSettings = {
				ASSETCATALOG_COMPILER_APPICON_NAME = AppIcon;
				ASSETCATALOG_COMPILER_GLOBAL_ACCENT_COLOR_NAME = AccentColor;
				CODE_SIGN_STYLE = Automatic;
				CURRENT_PROJECT_VERSION = 1;
				DEVELOPMENT_ASSET_PATHS = "\"ConverterRate/Preview Content\"";
				DEVELOPMENT_TEAM = 9B7MLUGM59;
				ENABLE_PREVIEWS = YES;
				GENERATE_INFOPLIST_FILE = YES;
				INFOPLIST_KEY_UIApplicationSceneManifest_Generation = YES;
				INFOPLIST_KEY_UIApplicationSupportsIndirectInputEvents = YES;
				INFOPLIST_KEY_UILaunchScreen_Generation = YES;
				INFOPLIST_KEY_UISupportedInterfaceOrientations_iPad = "UIInterfaceOrientationPortrait UIInterfaceOrientationPortraitUpsideDown UIInterfaceOrientationLandscapeLeft UIInterfaceOrientationLandscapeRight";
				INFOPLIST_KEY_UISupportedInterfaceOrientations_iPhone = "UIInterfaceOrientationPortrait UIInterfaceOrientationLandscapeLeft UIInterfaceOrientationLandscapeRight";
				IPHONEOS_DEPLOYMENT_TARGET = 14.0;
				LD_RUNPATH_SEARCH_PATHS = (
					"$(inherited)",
					"@executable_path/Frameworks",
				);
				MARKETING_VERSION = 1.0;
				PRODUCT_BUNDLE_IDENTIFIER = com.everlastingholder.ConverterRate;
				PRODUCT_NAME = "$(TARGET_NAME)";
				SWIFT_EMIT_LOC_STRINGS = YES;
				SWIFT_VERSION = 5.0;
				TARGETED_DEVICE_FAMILY = "1,2";
			};
			name = Debug;
		};
		09FEFF772679CA7800887115 /* Release */ = {
			isa = XCBuildConfiguration;
			buildSettings = {
				ASSETCATALOG_COMPILER_APPICON_NAME = AppIcon;
				ASSETCATALOG_COMPILER_GLOBAL_ACCENT_COLOR_NAME = AccentColor;
				CODE_SIGN_STYLE = Automatic;
				CURRENT_PROJECT_VERSION = 1;
				DEVELOPMENT_ASSET_PATHS = "\"ConverterRate/Preview Content\"";
				DEVELOPMENT_TEAM = 9B7MLUGM59;
				ENABLE_PREVIEWS = YES;
				GENERATE_INFOPLIST_FILE = YES;
				INFOPLIST_KEY_UIApplicationSceneManifest_Generation = YES;
				INFOPLIST_KEY_UIApplicationSupportsIndirectInputEvents = YES;
				INFOPLIST_KEY_UILaunchScreen_Generation = YES;
				INFOPLIST_KEY_UISupportedInterfaceOrientations_iPad = "UIInterfaceOrientationPortrait UIInterfaceOrientationPortraitUpsideDown UIInterfaceOrientationLandscapeLeft UIInterfaceOrientationLandscapeRight";
				INFOPLIST_KEY_UISupportedInterfaceOrientations_iPhone = "UIInterfaceOrientationPortrait UIInterfaceOrientationLandscapeLeft UIInterfaceOrientationLandscapeRight";
				IPHONEOS_DEPLOYMENT_TARGET = 14.0;
				LD_RUNPATH_SEARCH_PATHS = (
					"$(inherited)",
					"@executable_path/Frameworks",
				);
				MARKETING_VERSION = 1.0;
				PRODUCT_BUNDLE_IDENTIFIER = com.everlastingholder.ConverterRate;
				PRODUCT_NAME = "$(TARGET_NAME)";
				SWIFT_EMIT_LOC_STRINGS = YES;
				SWIFT_VERSION = 5.0;
				TARGETED_DEVICE_FAMILY = "1,2";
			};
			name = Release;
		};
/* End XCBuildConfiguration section */

/* Begin XCConfigurationList section */
		09FEFF622679CA7800887115 /* Build configuration list for PBXProject "ConverterRate" */ = {
			isa = XCConfigurationList;
			buildConfigurations = (
				09FEFF732679CA7800887115 /* Debug */,
				09FEFF742679CA7800887115 /* Release */,
			);
			defaultConfigurationIsVisible = 0;
			defaultConfigurationName = Release;
		};
		09FEFF752679CA7800887115 /* Build configuration list for PBXNativeTarget "ConverterRate" */ = {
			isa = XCConfigurationList;
			buildConfigurations = (
				09FEFF762679CA7800887115 /* Debug */,
				09FEFF772679CA7800887115 /* Release */,
			);
			defaultConfigurationIsVisible = 0;
			defaultConfigurationName = Release;
		};
/* End XCConfigurationList section */

/* Begin XCRemoteSwiftPackageReference section */
		09C2F75B268056C700C93B9B /* XCRemoteSwiftPackageReference "lottie-ios" */ = {
			isa = XCRemoteSwiftPackageReference;
			repositoryURL = "https://github.com/airbnb/lottie-ios.git";
			requirement = {
				kind = upToNextMajorVersion;
				minimumVersion = 3.0.0;
			};
		};
/* End XCRemoteSwiftPackageReference section */

/* Begin XCSwiftPackageProductDependency section */
		09C2F75C268056C700C93B9B /* Lottie */ = {
			isa = XCSwiftPackageProductDependency;
			package = 09C2F75B268056C700C93B9B /* XCRemoteSwiftPackageReference "lottie-ios" */;
			productName = Lottie;
		};
/* End XCSwiftPackageProductDependency section */

/* Begin XCVersionGroup section */
		09C10B65267C72EA003B3908 /* Convert.xcdatamodeld */ = {
			isa = XCVersionGroup;
			children = (
				09C10B66267C72EA003B3908 /* Convert.xcdatamodel */,
			);
			currentVersion = 09C10B66267C72EA003B3908 /* Convert.xcdatamodel */;
			path = Convert.xcdatamodeld;
			sourceTree = "<group>";
			versionGroupType = wrapper.xcdatamodel;
		};
/* End XCVersionGroup section */
	};
	rootObject = 09FEFF5F2679CA7800887115 /* Project object */;
}
